PODS:
  - JWTDecode (2.3.0)
  - ValidationComponents (0.3.0):
    - ValidationToolkit (~> 0.4.1)
  - ValidationToolkit (0.4.1)

DEPENDENCIES:
  - JWTDecode (~> 2.3)
  - ValidationComponents

SPEC REPOS:
  https://github.com/cocoapods/specs.git:
    - JWTDecode
    - ValidationComponents
    - ValidationToolkit

SPEC CHECKSUMS:
  JWTDecode: fb77675c8049c1a7e9433c7cf448c3ce33ee4ac7
  ValidationComponents: fad1f9e9d7fbf3e10c893c880ef9d27627e90382
  ValidationToolkit: ce8e9c1a5d49eddc3266a009d46df5ea22042dbc

PODFILE CHECKSUM: ae7ab983ba3ad334c397ffdff033c7ac5250c0b4

COCOAPODS: 1.5.3
